
Microsoft Visual Studio Solution File, Format Version 12.00
# Visual Studio Version 17
VisualStudioVersion = 17.0.31903.59
MinimumVisualStudioVersion = 10.0.40219.1
Project("{2150E333-8FDC-42A3-9474-1A3956D46DE8}") = "src", "src", "{2F297832-93E6-4750-9141-818873A769F6}"
EndProject
Project("{2150E333-8FDC-42A3-9474-1A3956D46DE8}") = "blueprints", "blueprints", "{CDC3A00A-52BD-4CDA-B7D7-1FCFC5DD1CEE}"
EndProject
Project("{FAE04EC0-301F-11D3-BF4B-00C04F79EFBC}") = "Do.Blueprints.Service.Application", "src\blueprints\Do.Blueprints.Service.Application\Do.Blueprints.Service.Application.csproj", "{AAF123F9-BEAB-42D0-84AD-DFBD6CE7A9A9}"
EndProject
Project("{2150E333-8FDC-42A3-9474-1A3956D46DE8}") = "test", "test", "{C407EF64-970A-498F-989D-17BBEF83B36F}"
EndProject
Project("{2150E333-8FDC-42A3-9474-1A3956D46DE8}") = "blueprints", "blueprints", "{F1F041D0-E073-455C-96F9-233FDF5CC2A8}"
EndProject
Project("{FAE04EC0-301F-11D3-BF4B-00C04F79EFBC}") = "Do.Test.Blueprints.Service.Application", "test\blueprints\Do.Test.Blueprints.Service.Application\Do.Test.Blueprints.Service.Application.csproj", "{F8B3EFE9-7BC4-48C3-98D8-97500A2486C6}"
EndProject
Project("{2150E333-8FDC-42A3-9474-1A3956D46DE8}") = "core", "core", "{FC5EA7BE-2E36-4CC7-8CE0-DD8D69F8CF85}"
EndProject
Project("{FAE04EC0-301F-11D3-BF4B-00C04F79EFBC}") = "Do.Architecture", "src\core\Do.Architecture\Do.Architecture.csproj", "{D24161F5-5B89-4EE5-94D3-660E9BC94CFA}"
EndProject
Project("{2150E333-8FDC-42A3-9474-1A3956D46DE8}") = "core", "core", "{BE392BCA-BDD7-43F6-BF11-9AC259F82CE6}"
EndProject
Project("{FAE04EC0-301F-11D3-BF4B-00C04F79EFBC}") = "Do.Test.Architecture", "test\core\Do.Test.Architecture\Do.Test.Architecture.csproj", "{45D92BDD-5EA8-4B6C-A6F0-38C9DE139A32}"
EndProject
Project("{FAE04EC0-301F-11D3-BF4B-00C04F79EFBC}") = "Do.Blueprints.Service", "src\blueprints\Do.Blueprints.Service\Do.Blueprints.Service.csproj", "{68CBB995-C501-41BB-93B4-01A0CC618A89}"
EndProject
Global
	GlobalSection(SolutionConfigurationPlatforms) = preSolution
		Debug|Any CPU = Debug|Any CPU
		Release|Any CPU = Release|Any CPU
	EndGlobalSection
	GlobalSection(SolutionProperties) = preSolution
		HideSolutionNode = FALSE
	EndGlobalSection
	GlobalSection(ProjectConfigurationPlatforms) = postSolution
		{AAF123F9-BEAB-42D0-84AD-DFBD6CE7A9A9}.Debug|Any CPU.ActiveCfg = Debug|Any CPU
		{AAF123F9-BEAB-42D0-84AD-DFBD6CE7A9A9}.Debug|Any CPU.Build.0 = Debug|Any CPU
		{AAF123F9-BEAB-42D0-84AD-DFBD6CE7A9A9}.Release|Any CPU.ActiveCfg = Release|Any CPU
		{AAF123F9-BEAB-42D0-84AD-DFBD6CE7A9A9}.Release|Any CPU.Build.0 = Release|Any CPU
		{F8B3EFE9-7BC4-48C3-98D8-97500A2486C6}.Debug|Any CPU.ActiveCfg = Debug|Any CPU
		{F8B3EFE9-7BC4-48C3-98D8-97500A2486C6}.Debug|Any CPU.Build.0 = Debug|Any CPU
		{F8B3EFE9-7BC4-48C3-98D8-97500A2486C6}.Release|Any CPU.ActiveCfg = Release|Any CPU
		{F8B3EFE9-7BC4-48C3-98D8-97500A2486C6}.Release|Any CPU.Build.0 = Release|Any CPU
		{D24161F5-5B89-4EE5-94D3-660E9BC94CFA}.Debug|Any CPU.ActiveCfg = Debug|Any CPU
		{D24161F5-5B89-4EE5-94D3-660E9BC94CFA}.Debug|Any CPU.Build.0 = Debug|Any CPU
		{D24161F5-5B89-4EE5-94D3-660E9BC94CFA}.Release|Any CPU.ActiveCfg = Release|Any CPU
		{D24161F5-5B89-4EE5-94D3-660E9BC94CFA}.Release|Any CPU.Build.0 = Release|Any CPU
		{45D92BDD-5EA8-4B6C-A6F0-38C9DE139A32}.Debug|Any CPU.ActiveCfg = Debug|Any CPU
		{45D92BDD-5EA8-4B6C-A6F0-38C9DE139A32}.Debug|Any CPU.Build.0 = Debug|Any CPU
		{45D92BDD-5EA8-4B6C-A6F0-38C9DE139A32}.Release|Any CPU.ActiveCfg = Release|Any CPU
		{45D92BDD-5EA8-4B6C-A6F0-38C9DE139A32}.Release|Any CPU.Build.0 = Release|Any CPU
		{68CBB995-C501-41BB-93B4-01A0CC618A89}.Debug|Any CPU.ActiveCfg = Debug|Any CPU
		{68CBB995-C501-41BB-93B4-01A0CC618A89}.Debug|Any CPU.Build.0 = Debug|Any CPU
		{68CBB995-C501-41BB-93B4-01A0CC618A89}.Release|Any CPU.ActiveCfg = Release|Any CPU
		{68CBB995-C501-41BB-93B4-01A0CC618A89}.Release|Any CPU.Build.0 = Release|Any CPU
	EndGlobalSection
	GlobalSection(NestedProjects) = preSolution
		{CDC3A00A-52BD-4CDA-B7D7-1FCFC5DD1CEE} = {2F297832-93E6-4750-9141-818873A769F6}
		{AAF123F9-BEAB-42D0-84AD-DFBD6CE7A9A9} = {CDC3A00A-52BD-4CDA-B7D7-1FCFC5DD1CEE}
		{F1F041D0-E073-455C-96F9-233FDF5CC2A8} = {C407EF64-970A-498F-989D-17BBEF83B36F}
		{F8B3EFE9-7BC4-48C3-98D8-97500A2486C6} = {F1F041D0-E073-455C-96F9-233FDF5CC2A8}
		{FC5EA7BE-2E36-4CC7-8CE0-DD8D69F8CF85} = {2F297832-93E6-4750-9141-818873A769F6}
		{D24161F5-5B89-4EE5-94D3-660E9BC94CFA} = {FC5EA7BE-2E36-4CC7-8CE0-DD8D69F8CF85}
		{BE392BCA-BDD7-43F6-BF11-9AC259F82CE6} = {C407EF64-970A-498F-989D-17BBEF83B36F}
		{45D92BDD-5EA8-4B6C-A6F0-38C9DE139A32} = {BE392BCA-BDD7-43F6-BF11-9AC259F82CE6}
		{68CBB995-C501-41BB-93B4-01A0CC618A89} = {CDC3A00A-52BD-4CDA-B7D7-1FCFC5DD1CEE}
	EndGlobalSection
EndGlobal
