
Microsoft Visual Studio Solution File, Format Version 12.00
# Visual Studio Version 17
VisualStudioVersion = 17.0.31903.59
MinimumVisualStudioVersion = 10.0.40219.1
Project("{2150E333-8FDC-42A3-9474-1A3956D46DE8}") = "src", "src", "{2F297832-93E6-4750-9141-818873A769F6}"
EndProject
Project("{2150E333-8FDC-42A3-9474-1A3956D46DE8}") = "test", "test", "{C407EF64-970A-498F-989D-17BBEF83B36F}"
EndProject
Project("{FAE04EC0-301F-11D3-BF4B-00C04F79EFBC}") = "Baked.Architecture", "src\Baked.Architecture\Baked.Architecture.csproj", "{A4BE82E2-5242-77CA-29AB-F32C1D516A7A}"
EndProject
Project("{FAE04EC0-301F-11D3-BF4B-00C04F79EFBC}") = "Baked.Recipe.Service", "src\Baked.Recipe.Service\Baked.Recipe.Service.csproj", "{2CC3EB20-6030-6CED-C7E5-4E8E149A2326}"
EndProject
Project("{FAE04EC0-301F-11D3-BF4B-00C04F79EFBC}") = "Baked.Recipe.Service.Application", "src\Baked.Recipe.Service.Application\Baked.Recipe.Service.Application.csproj", "{1FE8C478-1580-4A2A-FDA3-CF44A9687A67}"
EndProject
Project("{FAE04EC0-301F-11D3-BF4B-00C04F79EFBC}") = "Baked.Test.Architecture", "test\Baked.Test.Architecture\Baked.Test.Architecture.csproj", "{896BF406-F104-FB8F-1299-6DBFD1BB5211}"
EndProject
Project("{FAE04EC0-301F-11D3-BF4B-00C04F79EFBC}") = "Baked.Test.Recipe.Service", "test\Baked.Test.Recipe.Service\Baked.Test.Recipe.Service.csproj", "{B906CD72-7595-3C2A-701B-7140FF1BAC98}"
EndProject
Project("{FAE04EC0-301F-11D3-BF4B-00C04F79EFBC}") = "Baked.Test.Recipe.Service.Application", "test\Baked.Test.Recipe.Service.Application\Baked.Test.Recipe.Service.Application.csproj", "{68FCEC8A-5F4C-F563-2BA3-4E40C45C71FF}"
EndProject
Project("{FAE04EC0-301F-11D3-BF4B-00C04F79EFBC}") = "Baked.Test.Recipe.Service.Test", "test\Baked.Test.Recipe.Service.Test\Baked.Test.Recipe.Service.Test.csproj", "{1A77CE67-E405-287B-256B-3329B79C7F98}"
EndProject
Global
	GlobalSection(SolutionConfigurationPlatforms) = preSolution
		Debug|Any CPU = Debug|Any CPU
		Release|Any CPU = Release|Any CPU
	EndGlobalSection
	GlobalSection(ProjectConfigurationPlatforms) = postSolution
		{A4BE82E2-5242-77CA-29AB-F32C1D516A7A}.Debug|Any CPU.ActiveCfg = Debug|Any CPU
		{A4BE82E2-5242-77CA-29AB-F32C1D516A7A}.Debug|Any CPU.Build.0 = Debug|Any CPU
		{A4BE82E2-5242-77CA-29AB-F32C1D516A7A}.Release|Any CPU.ActiveCfg = Release|Any CPU
		{A4BE82E2-5242-77CA-29AB-F32C1D516A7A}.Release|Any CPU.Build.0 = Release|Any CPU
		{2CC3EB20-6030-6CED-C7E5-4E8E149A2326}.Debug|Any CPU.ActiveCfg = Debug|Any CPU
		{2CC3EB20-6030-6CED-C7E5-4E8E149A2326}.Debug|Any CPU.Build.0 = Debug|Any CPU
		{2CC3EB20-6030-6CED-C7E5-4E8E149A2326}.Release|Any CPU.ActiveCfg = Release|Any CPU
		{2CC3EB20-6030-6CED-C7E5-4E8E149A2326}.Release|Any CPU.Build.0 = Release|Any CPU
		{1FE8C478-1580-4A2A-FDA3-CF44A9687A67}.Debug|Any CPU.ActiveCfg = Debug|Any CPU
		{1FE8C478-1580-4A2A-FDA3-CF44A9687A67}.Debug|Any CPU.Build.0 = Debug|Any CPU
		{1FE8C478-1580-4A2A-FDA3-CF44A9687A67}.Release|Any CPU.ActiveCfg = Release|Any CPU
		{1FE8C478-1580-4A2A-FDA3-CF44A9687A67}.Release|Any CPU.Build.0 = Release|Any CPU
		{896BF406-F104-FB8F-1299-6DBFD1BB5211}.Debug|Any CPU.ActiveCfg = Debug|Any CPU
		{896BF406-F104-FB8F-1299-6DBFD1BB5211}.Debug|Any CPU.Build.0 = Debug|Any CPU
		{896BF406-F104-FB8F-1299-6DBFD1BB5211}.Release|Any CPU.ActiveCfg = Release|Any CPU
		{896BF406-F104-FB8F-1299-6DBFD1BB5211}.Release|Any CPU.Build.0 = Release|Any CPU
		{B906CD72-7595-3C2A-701B-7140FF1BAC98}.Debug|Any CPU.ActiveCfg = Debug|Any CPU
		{B906CD72-7595-3C2A-701B-7140FF1BAC98}.Debug|Any CPU.Build.0 = Debug|Any CPU
		{B906CD72-7595-3C2A-701B-7140FF1BAC98}.Release|Any CPU.ActiveCfg = Release|Any CPU
		{B906CD72-7595-3C2A-701B-7140FF1BAC98}.Release|Any CPU.Build.0 = Release|Any CPU
		{68FCEC8A-5F4C-F563-2BA3-4E40C45C71FF}.Debug|Any CPU.ActiveCfg = Debug|Any CPU
		{68FCEC8A-5F4C-F563-2BA3-4E40C45C71FF}.Debug|Any CPU.Build.0 = Debug|Any CPU
		{68FCEC8A-5F4C-F563-2BA3-4E40C45C71FF}.Release|Any CPU.ActiveCfg = Release|Any CPU
		{68FCEC8A-5F4C-F563-2BA3-4E40C45C71FF}.Release|Any CPU.Build.0 = Release|Any CPU
		{1A77CE67-E405-287B-256B-3329B79C7F98}.Debug|Any CPU.ActiveCfg = Debug|Any CPU
		{1A77CE67-E405-287B-256B-3329B79C7F98}.Debug|Any CPU.Build.0 = Debug|Any CPU
		{1A77CE67-E405-287B-256B-3329B79C7F98}.Release|Any CPU.ActiveCfg = Release|Any CPU
		{1A77CE67-E405-287B-256B-3329B79C7F98}.Release|Any CPU.Build.0 = Release|Any CPU
	EndGlobalSection
	GlobalSection(SolutionProperties) = preSolution
		HideSolutionNode = FALSE
	EndGlobalSection
	GlobalSection(NestedProjects) = preSolution
		{A4BE82E2-5242-77CA-29AB-F32C1D516A7A} = {2F297832-93E6-4750-9141-818873A769F6}
		{2CC3EB20-6030-6CED-C7E5-4E8E149A2326} = {2F297832-93E6-4750-9141-818873A769F6}
		{1FE8C478-1580-4A2A-FDA3-CF44A9687A67} = {2F297832-93E6-4750-9141-818873A769F6}
		{896BF406-F104-FB8F-1299-6DBFD1BB5211} = {C407EF64-970A-498F-989D-17BBEF83B36F}
		{B906CD72-7595-3C2A-701B-7140FF1BAC98} = {C407EF64-970A-498F-989D-17BBEF83B36F}
		{68FCEC8A-5F4C-F563-2BA3-4E40C45C71FF} = {C407EF64-970A-498F-989D-17BBEF83B36F}
		{1A77CE67-E405-287B-256B-3329B79C7F98} = {C407EF64-970A-498F-989D-17BBEF83B36F}
	EndGlobalSection
	GlobalSection(ExtensibilityGlobals) = postSolution
		SolutionGuid = {F41E6823-793F-4036-A795-DB6105039AEC}
	EndGlobalSection
EndGlobal
