
Microsoft Visual Studio Solution File, Format Version 12.00
# Visual Studio Version 17
VisualStudioVersion = 17.0.31903.59
MinimumVisualStudioVersion = 10.0.40219.1
Project("{2150E333-8FDC-42A3-9474-1A3956D46DE8}") = "src", "src", "{2F297832-93E6-4750-9141-818873A769F6}"
EndProject
Project("{2150E333-8FDC-42A3-9474-1A3956D46DE8}") = "test", "test", "{C407EF64-970A-498F-989D-17BBEF83B36F}"
EndProject
Project("{FAE04EC0-301F-11D3-BF4B-00C04F79EFBC}") = "Baked", "src\Baked\Baked.csproj", "{C6DE1C1E-1796-6C12-5CFD-4D70C1BF385F}"
EndProject
Project("{FAE04EC0-301F-11D3-BF4B-00C04F79EFBC}") = "Baked.Abstractions", "src\Baked.Abstractions\Baked.Abstractions.csproj", "{93D0E9A3-7A3C-ED36-EC17-3A288D353145}"
EndProject
Project("{FAE04EC0-301F-11D3-BF4B-00C04F79EFBC}") = "Baked.Test.Specs", "test\Baked.Test.Specs\Baked.Test.Specs.csproj", "{38DA984A-02F2-C3A6-FBCE-07DB4A7A5D88}"
EndProject
Project("{2150E333-8FDC-42A3-9474-1A3956D46DE8}") = "playground", "playground", "{76D996D0-A162-4B7C-A033-66F74F05FC22}"
EndProject
Project("{FAE04EC0-301F-11D3-BF4B-00C04F79EFBC}") = "Baked.Playground", "playground\Baked.Playground\Baked.Playground.csproj", "{A053C39A-EFD1-4604-95EC-A8A72322C550}"
EndProject
Project("{FAE04EC0-301F-11D3-BF4B-00C04F79EFBC}") = "Baked.Playground.Application", "playground\Baked.Playground.Application\Baked.Playground.Application.csproj", "{8759E8C8-7D48-40A5-B745-C4C531EACA3D}"
EndProject
Global
	GlobalSection(SolutionConfigurationPlatforms) = preSolution
		Debug|Any CPU = Debug|Any CPU
		Release|Any CPU = Release|Any CPU
	EndGlobalSection
	GlobalSection(ProjectConfigurationPlatforms) = postSolution
		{C6DE1C1E-1796-6C12-5CFD-4D70C1BF385F}.Debug|Any CPU.ActiveCfg = Debug|Any CPU
		{C6DE1C1E-1796-6C12-5CFD-4D70C1BF385F}.Debug|Any CPU.Build.0 = Debug|Any CPU
		{C6DE1C1E-1796-6C12-5CFD-4D70C1BF385F}.Release|Any CPU.ActiveCfg = Release|Any CPU
		{C6DE1C1E-1796-6C12-5CFD-4D70C1BF385F}.Release|Any CPU.Build.0 = Release|Any CPU
		{93D0E9A3-7A3C-ED36-EC17-3A288D353145}.Debug|Any CPU.ActiveCfg = Debug|Any CPU
		{93D0E9A3-7A3C-ED36-EC17-3A288D353145}.Debug|Any CPU.Build.0 = Debug|Any CPU
		{93D0E9A3-7A3C-ED36-EC17-3A288D353145}.Release|Any CPU.ActiveCfg = Release|Any CPU
		{93D0E9A3-7A3C-ED36-EC17-3A288D353145}.Release|Any CPU.Build.0 = Release|Any CPU
		{38DA984A-02F2-C3A6-FBCE-07DB4A7A5D88}.Debug|Any CPU.ActiveCfg = Debug|Any CPU
		{38DA984A-02F2-C3A6-FBCE-07DB4A7A5D88}.Debug|Any CPU.Build.0 = Debug|Any CPU
		{38DA984A-02F2-C3A6-FBCE-07DB4A7A5D88}.Release|Any CPU.ActiveCfg = Release|Any CPU
		{38DA984A-02F2-C3A6-FBCE-07DB4A7A5D88}.Release|Any CPU.Build.0 = Release|Any CPU
		{A053C39A-EFD1-4604-95EC-A8A72322C550}.Debug|Any CPU.ActiveCfg = Debug|Any CPU
		{A053C39A-EFD1-4604-95EC-A8A72322C550}.Debug|Any CPU.Build.0 = Debug|Any CPU
		{A053C39A-EFD1-4604-95EC-A8A72322C550}.Release|Any CPU.ActiveCfg = Release|Any CPU
		{A053C39A-EFD1-4604-95EC-A8A72322C550}.Release|Any CPU.Build.0 = Release|Any CPU
		{8759E8C8-7D48-40A5-B745-C4C531EACA3D}.Debug|Any CPU.ActiveCfg = Debug|Any CPU
		{8759E8C8-7D48-40A5-B745-C4C531EACA3D}.Debug|Any CPU.Build.0 = Debug|Any CPU
		{8759E8C8-7D48-40A5-B745-C4C531EACA3D}.Release|Any CPU.ActiveCfg = Release|Any CPU
		{8759E8C8-7D48-40A5-B745-C4C531EACA3D}.Release|Any CPU.Build.0 = Release|Any CPU
	EndGlobalSection
	GlobalSection(SolutionProperties) = preSolution
		HideSolutionNode = FALSE
	EndGlobalSection
	GlobalSection(NestedProjects) = preSolution
		{C6DE1C1E-1796-6C12-5CFD-4D70C1BF385F} = {2F297832-93E6-4750-9141-818873A769F6}
		{93D0E9A3-7A3C-ED36-EC17-3A288D353145} = {2F297832-93E6-4750-9141-818873A769F6}
		{38DA984A-02F2-C3A6-FBCE-07DB4A7A5D88} = {C407EF64-970A-498F-989D-17BBEF83B36F}
		{A053C39A-EFD1-4604-95EC-A8A72322C550} = {76D996D0-A162-4B7C-A033-66F74F05FC22}
		{8759E8C8-7D48-40A5-B745-C4C531EACA3D} = {76D996D0-A162-4B7C-A033-66F74F05FC22}
	EndGlobalSection
	GlobalSection(ExtensibilityGlobals) = postSolution
		SolutionGuid = {F41E6823-793F-4036-A795-DB6105039AEC}
	EndGlobalSection
EndGlobal
